
Microsoft Visual Studio Solution File, Format Version 12.00
# Visual Studio Version 16
VisualStudioVersion = 16.0.31205.134
MinimumVisualStudioVersion = 10.0.40219.1
Project("{FAE04EC0-301F-11D3-BF4B-00C04F79EFBC}") = "LabPedido.Domain", "LabPedido.Domain\LabPedido.Domain.csproj", "{06CB789C-A417-4C97-85E6-378079290691}"
EndProject
Project("{FAE04EC0-301F-11D3-BF4B-00C04F79EFBC}") = "LabPedido.Interface", "LabPedido.Interface\LabPedido.Interface.csproj", "{DF63C1F3-9675-4613-A822-6F4C59928976}"
EndProject
Project("{FAE04EC0-301F-11D3-BF4B-00C04F79EFBC}") = "LabPedido.Repository", "LabPedido.Repository\LabPedido.Repository.csproj", "{7A39EAE3-55A0-40FD-9956-DB34619DE4C0}"
EndProject
Project("{FAE04EC0-301F-11D3-BF4B-00C04F79EFBC}") = "LabPedido.API", "LabPedido.API\LabPedido.API.csproj", "{D43F7236-D38F-45A3-9F23-E5734A7883CC}"
EndProject
Global
	GlobalSection(SolutionConfigurationPlatforms) = preSolution
		Debug|Any CPU = Debug|Any CPU
		Release|Any CPU = Release|Any CPU
	EndGlobalSection
	GlobalSection(ProjectConfigurationPlatforms) = postSolution
		{06CB789C-A417-4C97-85E6-378079290691}.Debug|Any CPU.ActiveCfg = Debug|Any CPU
		{06CB789C-A417-4C97-85E6-378079290691}.Debug|Any CPU.Build.0 = Debug|Any CPU
		{06CB789C-A417-4C97-85E6-378079290691}.Release|Any CPU.ActiveCfg = Release|Any CPU
		{06CB789C-A417-4C97-85E6-378079290691}.Release|Any CPU.Build.0 = Release|Any CPU
		{DF63C1F3-9675-4613-A822-6F4C59928976}.Debug|Any CPU.ActiveCfg = Debug|Any CPU
		{DF63C1F3-9675-4613-A822-6F4C59928976}.Debug|Any CPU.Build.0 = Debug|Any CPU
		{DF63C1F3-9675-4613-A822-6F4C59928976}.Release|Any CPU.ActiveCfg = Release|Any CPU
		{DF63C1F3-9675-4613-A822-6F4C59928976}.Release|Any CPU.Build.0 = Release|Any CPU
		{7A39EAE3-55A0-40FD-9956-DB34619DE4C0}.Debug|Any CPU.ActiveCfg = Debug|Any CPU
		{7A39EAE3-55A0-40FD-9956-DB34619DE4C0}.Debug|Any CPU.Build.0 = Debug|Any CPU
		{7A39EAE3-55A0-40FD-9956-DB34619DE4C0}.Release|Any CPU.ActiveCfg = Release|Any CPU
		{7A39EAE3-55A0-40FD-9956-DB34619DE4C0}.Release|Any CPU.Build.0 = Release|Any CPU
		{D43F7236-D38F-45A3-9F23-E5734A7883CC}.Debug|Any CPU.ActiveCfg = Debug|Any CPU
		{D43F7236-D38F-45A3-9F23-E5734A7883CC}.Debug|Any CPU.Build.0 = Debug|Any CPU
		{D43F7236-D38F-45A3-9F23-E5734A7883CC}.Release|Any CPU.ActiveCfg = Release|Any CPU
		{D43F7236-D38F-45A3-9F23-E5734A7883CC}.Release|Any CPU.Build.0 = Release|Any CPU
	EndGlobalSection
	GlobalSection(SolutionProperties) = preSolution
		HideSolutionNode = FALSE
	EndGlobalSection
	GlobalSection(ExtensibilityGlobals) = postSolution
		SolutionGuid = {E8912EE2-E9C9-49A2-B1A0-593184B65E50}
	EndGlobalSection
EndGlobal
